
Microsoft Visual Studio Solution File, Format Version 12.00
# Visual Studio Version 17
VisualStudioVersion = 17.0.31903.59
MinimumVisualStudioVersion = 10.0.40219.1
Project("{FAE04EC0-301F-11D3-BF4B-00C04F79EFBC}") = "Lunar.Core.ECS", "src\Lunar.Core.ECS\Lunar.Core.ECS.csproj", "{43B57559-7EA4-4CA5-8DEA-00B2669356B3}"
EndProject
Project("{FAE04EC0-301F-11D3-BF4B-00C04F79EFBC}") = "Lunar.Modules.TypeWriter", "src\Lunar.Modules.TypeWriter\Lunar.Modules.TypeWriter.csproj", "{904BC4CE-8510-44FE-958B-3C96F9E4608B}"
EndProject
Project("{FAE04EC0-301F-11D3-BF4B-00C04F79EFBC}") = "Lunar.Modules.TypeWriter.Test", "src\Lunar.Modules.TypeWriter.Test\Lunar.Modules.TypeWriter.Test.csproj", "{FC8C806C-6366-4A7D-A8E4-A1D9BA1CC6C2}"
EndProject
Project("{FAE04EC0-301F-11D3-BF4B-00C04F79EFBC}") = "Lunar.Core.Base", "src\Lunar.Core.Base\Lunar.Core.Base.csproj", "{5AE9101C-904A-41A4-B245-2FC5E1EC7776}"
EndProject
Global
	GlobalSection(SolutionConfigurationPlatforms) = preSolution
		Debug|Any CPU = Debug|Any CPU
		Release|Any CPU = Release|Any CPU
	EndGlobalSection
	GlobalSection(SolutionProperties) = preSolution
		HideSolutionNode = FALSE
	EndGlobalSection
	GlobalSection(ProjectConfigurationPlatforms) = postSolution
		{43B57559-7EA4-4CA5-8DEA-00B2669356B3}.Debug|Any CPU.ActiveCfg = Debug|Any CPU
		{43B57559-7EA4-4CA5-8DEA-00B2669356B3}.Debug|Any CPU.Build.0 = Debug|Any CPU
		{43B57559-7EA4-4CA5-8DEA-00B2669356B3}.Release|Any CPU.ActiveCfg = Release|Any CPU
		{43B57559-7EA4-4CA5-8DEA-00B2669356B3}.Release|Any CPU.Build.0 = Release|Any CPU
		{904BC4CE-8510-44FE-958B-3C96F9E4608B}.Debug|Any CPU.ActiveCfg = Debug|Any CPU
		{904BC4CE-8510-44FE-958B-3C96F9E4608B}.Debug|Any CPU.Build.0 = Debug|Any CPU
		{904BC4CE-8510-44FE-958B-3C96F9E4608B}.Release|Any CPU.ActiveCfg = Release|Any CPU
		{904BC4CE-8510-44FE-958B-3C96F9E4608B}.Release|Any CPU.Build.0 = Release|Any CPU
		{FC8C806C-6366-4A7D-A8E4-A1D9BA1CC6C2}.Debug|Any CPU.ActiveCfg = Debug|Any CPU
		{FC8C806C-6366-4A7D-A8E4-A1D9BA1CC6C2}.Debug|Any CPU.Build.0 = Debug|Any CPU
		{FC8C806C-6366-4A7D-A8E4-A1D9BA1CC6C2}.Release|Any CPU.ActiveCfg = Release|Any CPU
		{FC8C806C-6366-4A7D-A8E4-A1D9BA1CC6C2}.Release|Any CPU.Build.0 = Release|Any CPU
		{5AE9101C-904A-41A4-B245-2FC5E1EC7776}.Debug|Any CPU.ActiveCfg = Debug|Any CPU
		{5AE9101C-904A-41A4-B245-2FC5E1EC7776}.Debug|Any CPU.Build.0 = Debug|Any CPU
		{5AE9101C-904A-41A4-B245-2FC5E1EC7776}.Release|Any CPU.ActiveCfg = Release|Any CPU
		{5AE9101C-904A-41A4-B245-2FC5E1EC7776}.Release|Any CPU.Build.0 = Release|Any CPU
	EndGlobalSection
EndGlobal
